
Microsoft Visual Studio Solution File, Format Version 12.00
# Visual Studio 15
VisualStudioVersion = 15.0.28307.438
MinimumVisualStudioVersion = 10.0.40219.1
Project("{9A19103F-16F7-4668-BE54-9A1E7A4F7556}") = "UpcomingMovies.App", "UpcomingMovies.App\UpcomingMovies.App\UpcomingMovies.App.csproj", "{AD4FE3C3-7993-4B9D-BDA2-307394D4C983}"
EndProject
Project("{FAE04EC0-301F-11D3-BF4B-00C04F79EFBC}") = "UpcomingMovies.App.Android", "UpcomingMovies.App\UpcomingMovies.App.Android\UpcomingMovies.App.Android.csproj", "{966AF407-63BF-406D-9216-75D3E2686488}"
EndProject
Project("{FAE04EC0-301F-11D3-BF4B-00C04F79EFBC}") = "UpcomingMovies.App.iOS", "UpcomingMovies.App\UpcomingMovies.App.iOS\UpcomingMovies.App.iOS.csproj", "{C94A81F6-1AA3-4223-979A-EF8016B6C32F}"
EndProject
Project("{FAE04EC0-301F-11D3-BF4B-00C04F79EFBC}") = "UpcomingMovies.App.UWP", "UpcomingMovies.App\UpcomingMovies.App.UWP\UpcomingMovies.App.UWP.csproj", "{80F306A6-4BB7-4562-94BE-7666F8A2B1D9}"
EndProject
Project("{9A19103F-16F7-4668-BE54-9A1E7A4F7556}") = "UpcomingMovies.Domain", "UpcomingMovies.Domain\UpcomingMovies.Domain.csproj", "{D65F5142-04D7-4A4B-AB55-486186B6F1AE}"
EndProject
Project("{2150E333-8FDC-42A3-9474-1A3956D46DE8}") = "01-Domain", "01-Domain", "{BF6BA189-4FF8-4118-8CAF-18F5C7D403CE}"
EndProject
Project("{2150E333-8FDC-42A3-9474-1A3956D46DE8}") = "02-Infraestructure", "02-Infraestructure", "{55414CDA-F7DD-4F3B-9B14-F653470988CD}"
EndProject
Project("{2150E333-8FDC-42A3-9474-1A3956D46DE8}") = "04-Cross", "04-Cross", "{93C73824-A616-4B47-8EF8-B40478AD03A6}"
EndProject
Project("{2150E333-8FDC-42A3-9474-1A3956D46DE8}") = "05-Platforms", "05-Platforms", "{46C3A777-3D89-499E-AF12-DE6AAF785B08}"
EndProject
Project("{9A19103F-16F7-4668-BE54-9A1E7A4F7556}") = "UpcomingMovies.Infrastucture", "UpcomingMovies.Infrastucture\UpcomingMovies.Infrastucture.csproj", "{C9125800-5E57-4DE4-9BBC-4889754EFD66}"
EndProject
Project("{2150E333-8FDC-42A3-9474-1A3956D46DE8}") = "03-Application", "03-Application", "{1F6FE41F-8A62-4ED6-8422-BDB22016BC10}"
EndProject
Project("{9A19103F-16F7-4668-BE54-9A1E7A4F7556}") = "UpcomingMovies.Application", "UpcomingMovies.Application\UpcomingMovies.Application.csproj", "{F8A978B6-BD35-49BB-B508-13B9363476D1}"
EndProject
Project("{2150E333-8FDC-42A3-9474-1A3956D46DE8}") = "06-Test", "06-Test", "{E7F39985-06EB-42CD-B279-491A94E66E71}"
EndProject
Project("{FAE04EC0-301F-11D3-BF4B-00C04F79EFBC}") = "UpcomingMovies.Test", "UpcomingMovies.Test\UpcomingMovies.Test.csproj", "{76E900EA-7321-42DD-95CA-ED9B4E9F97CA}"
EndProject
Global
	GlobalSection(SolutionConfigurationPlatforms) = preSolution
		Ad-Hoc|Any CPU = Ad-Hoc|Any CPU
		Ad-Hoc|ARM = Ad-Hoc|ARM
		Ad-Hoc|iPhone = Ad-Hoc|iPhone
		Ad-Hoc|iPhoneSimulator = Ad-Hoc|iPhoneSimulator
		Ad-Hoc|x64 = Ad-Hoc|x64
		Ad-Hoc|x86 = Ad-Hoc|x86
		AppStore|Any CPU = AppStore|Any CPU
		AppStore|ARM = AppStore|ARM
		AppStore|iPhone = AppStore|iPhone
		AppStore|iPhoneSimulator = AppStore|iPhoneSimulator
		AppStore|x64 = AppStore|x64
		AppStore|x86 = AppStore|x86
		Debug|Any CPU = Debug|Any CPU
		Debug|ARM = Debug|ARM
		Debug|iPhone = Debug|iPhone
		Debug|iPhoneSimulator = Debug|iPhoneSimulator
		Debug|x64 = Debug|x64
		Debug|x86 = Debug|x86
		Release|Any CPU = Release|Any CPU
		Release|ARM = Release|ARM
		Release|iPhone = Release|iPhone
		Release|iPhoneSimulator = Release|iPhoneSimulator
		Release|x64 = Release|x64
		Release|x86 = Release|x86
	EndGlobalSection
	GlobalSection(ProjectConfigurationPlatforms) = postSolution
		{AD4FE3C3-7993-4B9D-BDA2-307394D4C983}.Ad-Hoc|Any CPU.ActiveCfg = Debug|Any CPU
		{AD4FE3C3-7993-4B9D-BDA2-307394D4C983}.Ad-Hoc|Any CPU.Build.0 = Debug|Any CPU
		{AD4FE3C3-7993-4B9D-BDA2-307394D4C983}.Ad-Hoc|ARM.ActiveCfg = Debug|Any CPU
		{AD4FE3C3-7993-4B9D-BDA2-307394D4C983}.Ad-Hoc|ARM.Build.0 = Debug|Any CPU
		{AD4FE3C3-7993-4B9D-BDA2-307394D4C983}.Ad-Hoc|iPhone.ActiveCfg = Debug|Any CPU
		{AD4FE3C3-7993-4B9D-BDA2-307394D4C983}.Ad-Hoc|iPhone.Build.0 = Debug|Any CPU
		{AD4FE3C3-7993-4B9D-BDA2-307394D4C983}.Ad-Hoc|iPhoneSimulator.ActiveCfg = Debug|Any CPU
		{AD4FE3C3-7993-4B9D-BDA2-307394D4C983}.Ad-Hoc|iPhoneSimulator.Build.0 = Debug|Any CPU
		{AD4FE3C3-7993-4B9D-BDA2-307394D4C983}.Ad-Hoc|x64.ActiveCfg = Debug|Any CPU
		{AD4FE3C3-7993-4B9D-BDA2-307394D4C983}.Ad-Hoc|x64.Build.0 = Debug|Any CPU
		{AD4FE3C3-7993-4B9D-BDA2-307394D4C983}.Ad-Hoc|x86.ActiveCfg = Debug|Any CPU
		{AD4FE3C3-7993-4B9D-BDA2-307394D4C983}.Ad-Hoc|x86.Build.0 = Debug|Any CPU
		{AD4FE3C3-7993-4B9D-BDA2-307394D4C983}.AppStore|Any CPU.ActiveCfg = Debug|Any CPU
		{AD4FE3C3-7993-4B9D-BDA2-307394D4C983}.AppStore|Any CPU.Build.0 = Debug|Any CPU
		{AD4FE3C3-7993-4B9D-BDA2-307394D4C983}.AppStore|ARM.ActiveCfg = Debug|Any CPU
		{AD4FE3C3-7993-4B9D-BDA2-307394D4C983}.AppStore|ARM.Build.0 = Debug|Any CPU
		{AD4FE3C3-7993-4B9D-BDA2-307394D4C983}.AppStore|iPhone.ActiveCfg = Debug|Any CPU
		{AD4FE3C3-7993-4B9D-BDA2-307394D4C983}.AppStore|iPhone.Build.0 = Debug|Any CPU
		{AD4FE3C3-7993-4B9D-BDA2-307394D4C983}.AppStore|iPhoneSimulator.ActiveCfg = Debug|Any CPU
		{AD4FE3C3-7993-4B9D-BDA2-307394D4C983}.AppStore|iPhoneSimulator.Build.0 = Debug|Any CPU
		{AD4FE3C3-7993-4B9D-BDA2-307394D4C983}.AppStore|x64.ActiveCfg = Debug|Any CPU
		{AD4FE3C3-7993-4B9D-BDA2-307394D4C983}.AppStore|x64.Build.0 = Debug|Any CPU
		{AD4FE3C3-7993-4B9D-BDA2-307394D4C983}.AppStore|x86.ActiveCfg = Debug|Any CPU
		{AD4FE3C3-7993-4B9D-BDA2-307394D4C983}.AppStore|x86.Build.0 = Debug|Any CPU
		{AD4FE3C3-7993-4B9D-BDA2-307394D4C983}.Debug|Any CPU.ActiveCfg = Debug|Any CPU
		{AD4FE3C3-7993-4B9D-BDA2-307394D4C983}.Debug|Any CPU.Build.0 = Debug|Any CPU
		{AD4FE3C3-7993-4B9D-BDA2-307394D4C983}.Debug|ARM.ActiveCfg = Debug|Any CPU
		{AD4FE3C3-7993-4B9D-BDA2-307394D4C983}.Debug|ARM.Build.0 = Debug|Any CPU
		{AD4FE3C3-7993-4B9D-BDA2-307394D4C983}.Debug|iPhone.ActiveCfg = Debug|Any CPU
		{AD4FE3C3-7993-4B9D-BDA2-307394D4C983}.Debug|iPhone.Build.0 = Debug|Any CPU
		{AD4FE3C3-7993-4B9D-BDA2-307394D4C983}.Debug|iPhoneSimulator.ActiveCfg = Debug|Any CPU
		{AD4FE3C3-7993-4B9D-BDA2-307394D4C983}.Debug|iPhoneSimulator.Build.0 = Debug|Any CPU
		{AD4FE3C3-7993-4B9D-BDA2-307394D4C983}.Debug|x64.ActiveCfg = Debug|Any CPU
		{AD4FE3C3-7993-4B9D-BDA2-307394D4C983}.Debug|x64.Build.0 = Debug|Any CPU
		{AD4FE3C3-7993-4B9D-BDA2-307394D4C983}.Debug|x86.ActiveCfg = Debug|Any CPU
		{AD4FE3C3-7993-4B9D-BDA2-307394D4C983}.Debug|x86.Build.0 = Debug|Any CPU
		{AD4FE3C3-7993-4B9D-BDA2-307394D4C983}.Release|Any CPU.ActiveCfg = Release|Any CPU
		{AD4FE3C3-7993-4B9D-BDA2-307394D4C983}.Release|Any CPU.Build.0 = Release|Any CPU
		{AD4FE3C3-7993-4B9D-BDA2-307394D4C983}.Release|ARM.ActiveCfg = Release|Any CPU
		{AD4FE3C3-7993-4B9D-BDA2-307394D4C983}.Release|ARM.Build.0 = Release|Any CPU
		{AD4FE3C3-7993-4B9D-BDA2-307394D4C983}.Release|iPhone.ActiveCfg = Release|Any CPU
		{AD4FE3C3-7993-4B9D-BDA2-307394D4C983}.Release|iPhone.Build.0 = Release|Any CPU
		{AD4FE3C3-7993-4B9D-BDA2-307394D4C983}.Release|iPhoneSimulator.ActiveCfg = Release|Any CPU
		{AD4FE3C3-7993-4B9D-BDA2-307394D4C983}.Release|iPhoneSimulator.Build.0 = Release|Any CPU
		{AD4FE3C3-7993-4B9D-BDA2-307394D4C983}.Release|x64.ActiveCfg = Release|Any CPU
		{AD4FE3C3-7993-4B9D-BDA2-307394D4C983}.Release|x64.Build.0 = Release|Any CPU
		{AD4FE3C3-7993-4B9D-BDA2-307394D4C983}.Release|x86.ActiveCfg = Release|Any CPU
		{AD4FE3C3-7993-4B9D-BDA2-307394D4C983}.Release|x86.Build.0 = Release|Any CPU
		{966AF407-63BF-406D-9216-75D3E2686488}.Ad-Hoc|Any CPU.ActiveCfg = Release|Any CPU
		{966AF407-63BF-406D-9216-75D3E2686488}.Ad-Hoc|Any CPU.Build.0 = Release|Any CPU
		{966AF407-63BF-406D-9216-75D3E2686488}.Ad-Hoc|Any CPU.Deploy.0 = Release|Any CPU
		{966AF407-63BF-406D-9216-75D3E2686488}.Ad-Hoc|ARM.ActiveCfg = Release|Any CPU
		{966AF407-63BF-406D-9216-75D3E2686488}.Ad-Hoc|ARM.Build.0 = Release|Any CPU
		{966AF407-63BF-406D-9216-75D3E2686488}.Ad-Hoc|ARM.Deploy.0 = Release|Any CPU
		{966AF407-63BF-406D-9216-75D3E2686488}.Ad-Hoc|iPhone.ActiveCfg = Release|Any CPU
		{966AF407-63BF-406D-9216-75D3E2686488}.Ad-Hoc|iPhone.Build.0 = Release|Any CPU
		{966AF407-63BF-406D-9216-75D3E2686488}.Ad-Hoc|iPhone.Deploy.0 = Release|Any CPU
		{966AF407-63BF-406D-9216-75D3E2686488}.Ad-Hoc|iPhoneSimulator.ActiveCfg = Release|Any CPU
		{966AF407-63BF-406D-9216-75D3E2686488}.Ad-Hoc|iPhoneSimulator.Build.0 = Release|Any CPU
		{966AF407-63BF-406D-9216-75D3E2686488}.Ad-Hoc|iPhoneSimulator.Deploy.0 = Release|Any CPU
		{966AF407-63BF-406D-9216-75D3E2686488}.Ad-Hoc|x64.ActiveCfg = Release|Any CPU
		{966AF407-63BF-406D-9216-75D3E2686488}.Ad-Hoc|x64.Build.0 = Release|Any CPU
		{966AF407-63BF-406D-9216-75D3E2686488}.Ad-Hoc|x64.Deploy.0 = Release|Any CPU
		{966AF407-63BF-406D-9216-75D3E2686488}.Ad-Hoc|x86.ActiveCfg = Release|Any CPU
		{966AF407-63BF-406D-9216-75D3E2686488}.Ad-Hoc|x86.Build.0 = Release|Any CPU
		{966AF407-63BF-406D-9216-75D3E2686488}.Ad-Hoc|x86.Deploy.0 = Release|Any CPU
		{966AF407-63BF-406D-9216-75D3E2686488}.AppStore|Any CPU.ActiveCfg = Release|Any CPU
		{966AF407-63BF-406D-9216-75D3E2686488}.AppStore|Any CPU.Build.0 = Release|Any CPU
		{966AF407-63BF-406D-9216-75D3E2686488}.AppStore|Any CPU.Deploy.0 = Release|Any CPU
		{966AF407-63BF-406D-9216-75D3E2686488}.AppStore|ARM.ActiveCfg = Release|Any CPU
		{966AF407-63BF-406D-9216-75D3E2686488}.AppStore|ARM.Build.0 = Release|Any CPU
		{966AF407-63BF-406D-9216-75D3E2686488}.AppStore|ARM.Deploy.0 = Release|Any CPU
		{966AF407-63BF-406D-9216-75D3E2686488}.AppStore|iPhone.ActiveCfg = Release|Any CPU
		{966AF407-63BF-406D-9216-75D3E2686488}.AppStore|iPhone.Build.0 = Release|Any CPU
		{966AF407-63BF-406D-9216-75D3E2686488}.AppStore|iPhone.Deploy.0 = Release|Any CPU
		{966AF407-63BF-406D-9216-75D3E2686488}.AppStore|iPhoneSimulator.ActiveCfg = Release|Any CPU
		{966AF407-63BF-406D-9216-75D3E2686488}.AppStore|iPhoneSimulator.Build.0 = Release|Any CPU
		{966AF407-63BF-406D-9216-75D3E2686488}.AppStore|iPhoneSimulator.Deploy.0 = Release|Any CPU
		{966AF407-63BF-406D-9216-75D3E2686488}.AppStore|x64.ActiveCfg = Release|Any CPU
		{966AF407-63BF-406D-9216-75D3E2686488}.AppStore|x64.Build.0 = Release|Any CPU
		{966AF407-63BF-406D-9216-75D3E2686488}.AppStore|x64.Deploy.0 = Release|Any CPU
		{966AF407-63BF-406D-9216-75D3E2686488}.AppStore|x86.ActiveCfg = Release|Any CPU
		{966AF407-63BF-406D-9216-75D3E2686488}.AppStore|x86.Build.0 = Release|Any CPU
		{966AF407-63BF-406D-9216-75D3E2686488}.AppStore|x86.Deploy.0 = Release|Any CPU
		{966AF407-63BF-406D-9216-75D3E2686488}.Debug|Any CPU.ActiveCfg = Debug|Any CPU
		{966AF407-63BF-406D-9216-75D3E2686488}.Debug|Any CPU.Build.0 = Debug|Any CPU
		{966AF407-63BF-406D-9216-75D3E2686488}.Debug|Any CPU.Deploy.0 = Debug|Any CPU
		{966AF407-63BF-406D-9216-75D3E2686488}.Debug|ARM.ActiveCfg = Debug|Any CPU
		{966AF407-63BF-406D-9216-75D3E2686488}.Debug|ARM.Build.0 = Debug|Any CPU
		{966AF407-63BF-406D-9216-75D3E2686488}.Debug|ARM.Deploy.0 = Debug|Any CPU
		{966AF407-63BF-406D-9216-75D3E2686488}.Debug|iPhone.ActiveCfg = Debug|Any CPU
		{966AF407-63BF-406D-9216-75D3E2686488}.Debug|iPhone.Build.0 = Debug|Any CPU
		{966AF407-63BF-406D-9216-75D3E2686488}.Debug|iPhone.Deploy.0 = Debug|Any CPU
		{966AF407-63BF-406D-9216-75D3E2686488}.Debug|iPhoneSimulator.ActiveCfg = Debug|Any CPU
		{966AF407-63BF-406D-9216-75D3E2686488}.Debug|iPhoneSimulator.Build.0 = Debug|Any CPU
		{966AF407-63BF-406D-9216-75D3E2686488}.Debug|iPhoneSimulator.Deploy.0 = Debug|Any CPU
		{966AF407-63BF-406D-9216-75D3E2686488}.Debug|x64.ActiveCfg = Debug|Any CPU
		{966AF407-63BF-406D-9216-75D3E2686488}.Debug|x64.Build.0 = Debug|Any CPU
		{966AF407-63BF-406D-9216-75D3E2686488}.Debug|x64.Deploy.0 = Debug|Any CPU
		{966AF407-63BF-406D-9216-75D3E2686488}.Debug|x86.ActiveCfg = Debug|Any CPU
		{966AF407-63BF-406D-9216-75D3E2686488}.Debug|x86.Build.0 = Debug|Any CPU
		{966AF407-63BF-406D-9216-75D3E2686488}.Debug|x86.Deploy.0 = Debug|Any CPU
		{966AF407-63BF-406D-9216-75D3E2686488}.Release|Any CPU.ActiveCfg = Release|Any CPU
		{966AF407-63BF-406D-9216-75D3E2686488}.Release|Any CPU.Build.0 = Release|Any CPU
		{966AF407-63BF-406D-9216-75D3E2686488}.Release|Any CPU.Deploy.0 = Release|Any CPU
		{966AF407-63BF-406D-9216-75D3E2686488}.Release|ARM.ActiveCfg = Release|Any CPU
		{966AF407-63BF-406D-9216-75D3E2686488}.Release|ARM.Build.0 = Release|Any CPU
		{966AF407-63BF-406D-9216-75D3E2686488}.Release|ARM.Deploy.0 = Release|Any CPU
		{966AF407-63BF-406D-9216-75D3E2686488}.Release|iPhone.ActiveCfg = Release|Any CPU
		{966AF407-63BF-406D-9216-75D3E2686488}.Release|iPhone.Build.0 = Release|Any CPU
		{966AF407-63BF-406D-9216-75D3E2686488}.Release|iPhone.Deploy.0 = Release|Any CPU
		{966AF407-63BF-406D-9216-75D3E2686488}.Release|iPhoneSimulator.ActiveCfg = Release|Any CPU
		{966AF407-63BF-406D-9216-75D3E2686488}.Release|iPhoneSimulator.Build.0 = Release|Any CPU
		{966AF407-63BF-406D-9216-75D3E2686488}.Release|iPhoneSimulator.Deploy.0 = Release|Any CPU
		{966AF407-63BF-406D-9216-75D3E2686488}.Release|x64.ActiveCfg = Release|Any CPU
		{966AF407-63BF-406D-9216-75D3E2686488}.Release|x64.Build.0 = Release|Any CPU
		{966AF407-63BF-406D-9216-75D3E2686488}.Release|x64.Deploy.0 = Release|Any CPU
		{966AF407-63BF-406D-9216-75D3E2686488}.Release|x86.ActiveCfg = Release|Any CPU
		{966AF407-63BF-406D-9216-75D3E2686488}.Release|x86.Build.0 = Release|Any CPU
		{966AF407-63BF-406D-9216-75D3E2686488}.Release|x86.Deploy.0 = Release|Any CPU
		{C94A81F6-1AA3-4223-979A-EF8016B6C32F}.Ad-Hoc|Any CPU.ActiveCfg = Ad-Hoc|iPhone
		{C94A81F6-1AA3-4223-979A-EF8016B6C32F}.Ad-Hoc|ARM.ActiveCfg = Ad-Hoc|iPhone
		{C94A81F6-1AA3-4223-979A-EF8016B6C32F}.Ad-Hoc|iPhone.ActiveCfg = Ad-Hoc|iPhone
		{C94A81F6-1AA3-4223-979A-EF8016B6C32F}.Ad-Hoc|iPhone.Build.0 = Ad-Hoc|iPhone
		{C94A81F6-1AA3-4223-979A-EF8016B6C32F}.Ad-Hoc|iPhoneSimulator.ActiveCfg = Ad-Hoc|iPhoneSimulator
		{C94A81F6-1AA3-4223-979A-EF8016B6C32F}.Ad-Hoc|iPhoneSimulator.Build.0 = Ad-Hoc|iPhoneSimulator
		{C94A81F6-1AA3-4223-979A-EF8016B6C32F}.Ad-Hoc|x64.ActiveCfg = Ad-Hoc|iPhone
		{C94A81F6-1AA3-4223-979A-EF8016B6C32F}.Ad-Hoc|x86.ActiveCfg = Ad-Hoc|iPhone
		{C94A81F6-1AA3-4223-979A-EF8016B6C32F}.AppStore|Any CPU.ActiveCfg = AppStore|iPhone
		{C94A81F6-1AA3-4223-979A-EF8016B6C32F}.AppStore|ARM.ActiveCfg = AppStore|iPhone
		{C94A81F6-1AA3-4223-979A-EF8016B6C32F}.AppStore|iPhone.ActiveCfg = AppStore|iPhone
		{C94A81F6-1AA3-4223-979A-EF8016B6C32F}.AppStore|iPhone.Build.0 = AppStore|iPhone
		{C94A81F6-1AA3-4223-979A-EF8016B6C32F}.AppStore|iPhoneSimulator.ActiveCfg = AppStore|iPhoneSimulator
		{C94A81F6-1AA3-4223-979A-EF8016B6C32F}.AppStore|iPhoneSimulator.Build.0 = AppStore|iPhoneSimulator
		{C94A81F6-1AA3-4223-979A-EF8016B6C32F}.AppStore|x64.ActiveCfg = AppStore|iPhone
		{C94A81F6-1AA3-4223-979A-EF8016B6C32F}.AppStore|x86.ActiveCfg = AppStore|iPhone
		{C94A81F6-1AA3-4223-979A-EF8016B6C32F}.Debug|Any CPU.ActiveCfg = Debug|iPhone
		{C94A81F6-1AA3-4223-979A-EF8016B6C32F}.Debug|ARM.ActiveCfg = Debug|iPhone
		{C94A81F6-1AA3-4223-979A-EF8016B6C32F}.Debug|iPhone.ActiveCfg = Debug|iPhone
		{C94A81F6-1AA3-4223-979A-EF8016B6C32F}.Debug|iPhone.Build.0 = Debug|iPhone
		{C94A81F6-1AA3-4223-979A-EF8016B6C32F}.Debug|iPhoneSimulator.ActiveCfg = Debug|iPhoneSimulator
		{C94A81F6-1AA3-4223-979A-EF8016B6C32F}.Debug|iPhoneSimulator.Build.0 = Debug|iPhoneSimulator
		{C94A81F6-1AA3-4223-979A-EF8016B6C32F}.Debug|x64.ActiveCfg = Debug|iPhone
		{C94A81F6-1AA3-4223-979A-EF8016B6C32F}.Debug|x86.ActiveCfg = Debug|iPhone
		{C94A81F6-1AA3-4223-979A-EF8016B6C32F}.Release|Any CPU.ActiveCfg = Release|iPhone
		{C94A81F6-1AA3-4223-979A-EF8016B6C32F}.Release|ARM.ActiveCfg = Release|iPhone
		{C94A81F6-1AA3-4223-979A-EF8016B6C32F}.Release|iPhone.ActiveCfg = Release|iPhone
		{C94A81F6-1AA3-4223-979A-EF8016B6C32F}.Release|iPhone.Build.0 = Release|iPhone
		{C94A81F6-1AA3-4223-979A-EF8016B6C32F}.Release|iPhoneSimulator.ActiveCfg = Release|iPhoneSimulator
		{C94A81F6-1AA3-4223-979A-EF8016B6C32F}.Release|iPhoneSimulator.Build.0 = Release|iPhoneSimulator
		{C94A81F6-1AA3-4223-979A-EF8016B6C32F}.Release|x64.ActiveCfg = Release|iPhone
		{C94A81F6-1AA3-4223-979A-EF8016B6C32F}.Release|x86.ActiveCfg = Release|iPhone
		{80F306A6-4BB7-4562-94BE-7666F8A2B1D9}.Ad-Hoc|Any CPU.ActiveCfg = Release|x86
		{80F306A6-4BB7-4562-94BE-7666F8A2B1D9}.Ad-Hoc|Any CPU.Build.0 = Release|x86
		{80F306A6-4BB7-4562-94BE-7666F8A2B1D9}.Ad-Hoc|Any CPU.Deploy.0 = Release|x86
		{80F306A6-4BB7-4562-94BE-7666F8A2B1D9}.Ad-Hoc|ARM.ActiveCfg = Release|ARM
		{80F306A6-4BB7-4562-94BE-7666F8A2B1D9}.Ad-Hoc|ARM.Build.0 = Release|ARM
		{80F306A6-4BB7-4562-94BE-7666F8A2B1D9}.Ad-Hoc|ARM.Deploy.0 = Release|ARM
		{80F306A6-4BB7-4562-94BE-7666F8A2B1D9}.Ad-Hoc|iPhone.ActiveCfg = Release|x86
		{80F306A6-4BB7-4562-94BE-7666F8A2B1D9}.Ad-Hoc|iPhone.Build.0 = Release|x86
		{80F306A6-4BB7-4562-94BE-7666F8A2B1D9}.Ad-Hoc|iPhone.Deploy.0 = Release|x86
		{80F306A6-4BB7-4562-94BE-7666F8A2B1D9}.Ad-Hoc|iPhoneSimulator.ActiveCfg = Release|x86
		{80F306A6-4BB7-4562-94BE-7666F8A2B1D9}.Ad-Hoc|iPhoneSimulator.Build.0 = Release|x86
		{80F306A6-4BB7-4562-94BE-7666F8A2B1D9}.Ad-Hoc|iPhoneSimulator.Deploy.0 = Release|x86
		{80F306A6-4BB7-4562-94BE-7666F8A2B1D9}.Ad-Hoc|x64.ActiveCfg = Release|x64
		{80F306A6-4BB7-4562-94BE-7666F8A2B1D9}.Ad-Hoc|x64.Build.0 = Release|x64
		{80F306A6-4BB7-4562-94BE-7666F8A2B1D9}.Ad-Hoc|x64.Deploy.0 = Release|x64
		{80F306A6-4BB7-4562-94BE-7666F8A2B1D9}.Ad-Hoc|x86.ActiveCfg = Release|x86
		{80F306A6-4BB7-4562-94BE-7666F8A2B1D9}.Ad-Hoc|x86.Build.0 = Release|x86
		{80F306A6-4BB7-4562-94BE-7666F8A2B1D9}.Ad-Hoc|x86.Deploy.0 = Release|x86
		{80F306A6-4BB7-4562-94BE-7666F8A2B1D9}.AppStore|Any CPU.ActiveCfg = Release|x86
		{80F306A6-4BB7-4562-94BE-7666F8A2B1D9}.AppStore|Any CPU.Build.0 = Release|x86
		{80F306A6-4BB7-4562-94BE-7666F8A2B1D9}.AppStore|Any CPU.Deploy.0 = Release|x86
		{80F306A6-4BB7-4562-94BE-7666F8A2B1D9}.AppStore|ARM.ActiveCfg = Release|ARM
		{80F306A6-4BB7-4562-94BE-7666F8A2B1D9}.AppStore|ARM.Build.0 = Release|ARM
		{80F306A6-4BB7-4562-94BE-7666F8A2B1D9}.AppStore|ARM.Deploy.0 = Release|ARM
		{80F306A6-4BB7-4562-94BE-7666F8A2B1D9}.AppStore|iPhone.ActiveCfg = Release|x86
		{80F306A6-4BB7-4562-94BE-7666F8A2B1D9}.AppStore|iPhone.Build.0 = Release|x86
		{80F306A6-4BB7-4562-94BE-7666F8A2B1D9}.AppStore|iPhone.Deploy.0 = Release|x86
		{80F306A6-4BB7-4562-94BE-7666F8A2B1D9}.AppStore|iPhoneSimulator.ActiveCfg = Release|x86
		{80F306A6-4BB7-4562-94BE-7666F8A2B1D9}.AppStore|iPhoneSimulator.Build.0 = Release|x86
		{80F306A6-4BB7-4562-94BE-7666F8A2B1D9}.AppStore|iPhoneSimulator.Deploy.0 = Release|x86
		{80F306A6-4BB7-4562-94BE-7666F8A2B1D9}.AppStore|x64.ActiveCfg = Release|x64
		{80F306A6-4BB7-4562-94BE-7666F8A2B1D9}.AppStore|x64.Build.0 = Release|x64
		{80F306A6-4BB7-4562-94BE-7666F8A2B1D9}.AppStore|x64.Deploy.0 = Release|x64
		{80F306A6-4BB7-4562-94BE-7666F8A2B1D9}.AppStore|x86.ActiveCfg = Release|x86
		{80F306A6-4BB7-4562-94BE-7666F8A2B1D9}.AppStore|x86.Build.0 = Release|x86
		{80F306A6-4BB7-4562-94BE-7666F8A2B1D9}.AppStore|x86.Deploy.0 = Release|x86
		{80F306A6-4BB7-4562-94BE-7666F8A2B1D9}.Debug|Any CPU.ActiveCfg = Debug|x86
		{80F306A6-4BB7-4562-94BE-7666F8A2B1D9}.Debug|ARM.ActiveCfg = Debug|ARM
		{80F306A6-4BB7-4562-94BE-7666F8A2B1D9}.Debug|ARM.Build.0 = Debug|ARM
		{80F306A6-4BB7-4562-94BE-7666F8A2B1D9}.Debug|ARM.Deploy.0 = Debug|ARM
		{80F306A6-4BB7-4562-94BE-7666F8A2B1D9}.Debug|iPhone.ActiveCfg = Debug|x86
		{80F306A6-4BB7-4562-94BE-7666F8A2B1D9}.Debug|iPhoneSimulator.ActiveCfg = Debug|x86
		{80F306A6-4BB7-4562-94BE-7666F8A2B1D9}.Debug|x64.ActiveCfg = Debug|x64
		{80F306A6-4BB7-4562-94BE-7666F8A2B1D9}.Debug|x64.Build.0 = Debug|x64
		{80F306A6-4BB7-4562-94BE-7666F8A2B1D9}.Debug|x64.Deploy.0 = Debug|x64
		{80F306A6-4BB7-4562-94BE-7666F8A2B1D9}.Debug|x86.ActiveCfg = Debug|x86
		{80F306A6-4BB7-4562-94BE-7666F8A2B1D9}.Debug|x86.Build.0 = Debug|x86
		{80F306A6-4BB7-4562-94BE-7666F8A2B1D9}.Debug|x86.Deploy.0 = Debug|x86
		{80F306A6-4BB7-4562-94BE-7666F8A2B1D9}.Release|Any CPU.ActiveCfg = Release|x86
		{80F306A6-4BB7-4562-94BE-7666F8A2B1D9}.Release|ARM.ActiveCfg = Release|ARM
		{80F306A6-4BB7-4562-94BE-7666F8A2B1D9}.Release|ARM.Build.0 = Release|ARM
		{80F306A6-4BB7-4562-94BE-7666F8A2B1D9}.Release|ARM.Deploy.0 = Release|ARM
		{80F306A6-4BB7-4562-94BE-7666F8A2B1D9}.Release|iPhone.ActiveCfg = Release|x86
		{80F306A6-4BB7-4562-94BE-7666F8A2B1D9}.Release|iPhoneSimulator.ActiveCfg = Release|x86
		{80F306A6-4BB7-4562-94BE-7666F8A2B1D9}.Release|x64.ActiveCfg = Release|x64
		{80F306A6-4BB7-4562-94BE-7666F8A2B1D9}.Release|x64.Build.0 = Release|x64
		{80F306A6-4BB7-4562-94BE-7666F8A2B1D9}.Release|x64.Deploy.0 = Release|x64
		{80F306A6-4BB7-4562-94BE-7666F8A2B1D9}.Release|x86.ActiveCfg = Release|x86
		{80F306A6-4BB7-4562-94BE-7666F8A2B1D9}.Release|x86.Build.0 = Release|x86
		{80F306A6-4BB7-4562-94BE-7666F8A2B1D9}.Release|x86.Deploy.0 = Release|x86
		{D65F5142-04D7-4A4B-AB55-486186B6F1AE}.Ad-Hoc|Any CPU.ActiveCfg = Debug|Any CPU
		{D65F5142-04D7-4A4B-AB55-486186B6F1AE}.Ad-Hoc|Any CPU.Build.0 = Debug|Any CPU
		{D65F5142-04D7-4A4B-AB55-486186B6F1AE}.Ad-Hoc|ARM.ActiveCfg = Debug|Any CPU
		{D65F5142-04D7-4A4B-AB55-486186B6F1AE}.Ad-Hoc|ARM.Build.0 = Debug|Any CPU
		{D65F5142-04D7-4A4B-AB55-486186B6F1AE}.Ad-Hoc|iPhone.ActiveCfg = Debug|Any CPU
		{D65F5142-04D7-4A4B-AB55-486186B6F1AE}.Ad-Hoc|iPhone.Build.0 = Debug|Any CPU
		{D65F5142-04D7-4A4B-AB55-486186B6F1AE}.Ad-Hoc|iPhoneSimulator.ActiveCfg = Debug|Any CPU
		{D65F5142-04D7-4A4B-AB55-486186B6F1AE}.Ad-Hoc|iPhoneSimulator.Build.0 = Debug|Any CPU
		{D65F5142-04D7-4A4B-AB55-486186B6F1AE}.Ad-Hoc|x64.ActiveCfg = Debug|Any CPU
		{D65F5142-04D7-4A4B-AB55-486186B6F1AE}.Ad-Hoc|x64.Build.0 = Debug|Any CPU
		{D65F5142-04D7-4A4B-AB55-486186B6F1AE}.Ad-Hoc|x86.ActiveCfg = Debug|Any CPU
		{D65F5142-04D7-4A4B-AB55-486186B6F1AE}.Ad-Hoc|x86.Build.0 = Debug|Any CPU
		{D65F5142-04D7-4A4B-AB55-486186B6F1AE}.AppStore|Any CPU.ActiveCfg = Debug|Any CPU
		{D65F5142-04D7-4A4B-AB55-486186B6F1AE}.AppStore|Any CPU.Build.0 = Debug|Any CPU
		{D65F5142-04D7-4A4B-AB55-486186B6F1AE}.AppStore|ARM.ActiveCfg = Debug|Any CPU
		{D65F5142-04D7-4A4B-AB55-486186B6F1AE}.AppStore|ARM.Build.0 = Debug|Any CPU
		{D65F5142-04D7-4A4B-AB55-486186B6F1AE}.AppStore|iPhone.ActiveCfg = Debug|Any CPU
		{D65F5142-04D7-4A4B-AB55-486186B6F1AE}.AppStore|iPhone.Build.0 = Debug|Any CPU
		{D65F5142-04D7-4A4B-AB55-486186B6F1AE}.AppStore|iPhoneSimulator.ActiveCfg = Debug|Any CPU
		{D65F5142-04D7-4A4B-AB55-486186B6F1AE}.AppStore|iPhoneSimulator.Build.0 = Debug|Any CPU
		{D65F5142-04D7-4A4B-AB55-486186B6F1AE}.AppStore|x64.ActiveCfg = Debug|Any CPU
		{D65F5142-04D7-4A4B-AB55-486186B6F1AE}.AppStore|x64.Build.0 = Debug|Any CPU
		{D65F5142-04D7-4A4B-AB55-486186B6F1AE}.AppStore|x86.ActiveCfg = Debug|Any CPU
		{D65F5142-04D7-4A4B-AB55-486186B6F1AE}.AppStore|x86.Build.0 = Debug|Any CPU
		{D65F5142-04D7-4A4B-AB55-486186B6F1AE}.Debug|Any CPU.ActiveCfg = Debug|Any CPU
		{D65F5142-04D7-4A4B-AB55-486186B6F1AE}.Debug|Any CPU.Build.0 = Debug|Any CPU
		{D65F5142-04D7-4A4B-AB55-486186B6F1AE}.Debug|ARM.ActiveCfg = Debug|Any CPU
		{D65F5142-04D7-4A4B-AB55-486186B6F1AE}.Debug|ARM.Build.0 = Debug|Any CPU
		{D65F5142-04D7-4A4B-AB55-486186B6F1AE}.Debug|iPhone.ActiveCfg = Debug|Any CPU
		{D65F5142-04D7-4A4B-AB55-486186B6F1AE}.Debug|iPhone.Build.0 = Debug|Any CPU
		{D65F5142-04D7-4A4B-AB55-486186B6F1AE}.Debug|iPhoneSimulator.ActiveCfg = Debug|Any CPU
		{D65F5142-04D7-4A4B-AB55-486186B6F1AE}.Debug|iPhoneSimulator.Build.0 = Debug|Any CPU
		{D65F5142-04D7-4A4B-AB55-486186B6F1AE}.Debug|x64.ActiveCfg = Debug|Any CPU
		{D65F5142-04D7-4A4B-AB55-486186B6F1AE}.Debug|x64.Build.0 = Debug|Any CPU
		{D65F5142-04D7-4A4B-AB55-486186B6F1AE}.Debug|x86.ActiveCfg = Debug|Any CPU
		{D65F5142-04D7-4A4B-AB55-486186B6F1AE}.Debug|x86.Build.0 = Debug|Any CPU
		{D65F5142-04D7-4A4B-AB55-486186B6F1AE}.Release|Any CPU.ActiveCfg = Release|Any CPU
		{D65F5142-04D7-4A4B-AB55-486186B6F1AE}.Release|Any CPU.Build.0 = Release|Any CPU
		{D65F5142-04D7-4A4B-AB55-486186B6F1AE}.Release|ARM.ActiveCfg = Release|Any CPU
		{D65F5142-04D7-4A4B-AB55-486186B6F1AE}.Release|ARM.Build.0 = Release|Any CPU
		{D65F5142-04D7-4A4B-AB55-486186B6F1AE}.Release|iPhone.ActiveCfg = Release|Any CPU
		{D65F5142-04D7-4A4B-AB55-486186B6F1AE}.Release|iPhone.Build.0 = Release|Any CPU
		{D65F5142-04D7-4A4B-AB55-486186B6F1AE}.Release|iPhoneSimulator.ActiveCfg = Release|Any CPU
		{D65F5142-04D7-4A4B-AB55-486186B6F1AE}.Release|iPhoneSimulator.Build.0 = Release|Any CPU
		{D65F5142-04D7-4A4B-AB55-486186B6F1AE}.Release|x64.ActiveCfg = Release|Any CPU
		{D65F5142-04D7-4A4B-AB55-486186B6F1AE}.Release|x64.Build.0 = Release|Any CPU
		{D65F5142-04D7-4A4B-AB55-486186B6F1AE}.Release|x86.ActiveCfg = Release|Any CPU
		{D65F5142-04D7-4A4B-AB55-486186B6F1AE}.Release|x86.Build.0 = Release|Any CPU
		{C9125800-5E57-4DE4-9BBC-4889754EFD66}.Ad-Hoc|Any CPU.ActiveCfg = Debug|Any CPU
		{C9125800-5E57-4DE4-9BBC-4889754EFD66}.Ad-Hoc|Any CPU.Build.0 = Debug|Any CPU
		{C9125800-5E57-4DE4-9BBC-4889754EFD66}.Ad-Hoc|ARM.ActiveCfg = Debug|Any CPU
		{C9125800-5E57-4DE4-9BBC-4889754EFD66}.Ad-Hoc|ARM.Build.0 = Debug|Any CPU
		{C9125800-5E57-4DE4-9BBC-4889754EFD66}.Ad-Hoc|iPhone.ActiveCfg = Debug|Any CPU
		{C9125800-5E57-4DE4-9BBC-4889754EFD66}.Ad-Hoc|iPhone.Build.0 = Debug|Any CPU
		{C9125800-5E57-4DE4-9BBC-4889754EFD66}.Ad-Hoc|iPhoneSimulator.ActiveCfg = Debug|Any CPU
		{C9125800-5E57-4DE4-9BBC-4889754EFD66}.Ad-Hoc|iPhoneSimulator.Build.0 = Debug|Any CPU
		{C9125800-5E57-4DE4-9BBC-4889754EFD66}.Ad-Hoc|x64.ActiveCfg = Debug|Any CPU
		{C9125800-5E57-4DE4-9BBC-4889754EFD66}.Ad-Hoc|x64.Build.0 = Debug|Any CPU
		{C9125800-5E57-4DE4-9BBC-4889754EFD66}.Ad-Hoc|x86.ActiveCfg = Debug|Any CPU
		{C9125800-5E57-4DE4-9BBC-4889754EFD66}.Ad-Hoc|x86.Build.0 = Debug|Any CPU
		{C9125800-5E57-4DE4-9BBC-4889754EFD66}.AppStore|Any CPU.ActiveCfg = Debug|Any CPU
		{C9125800-5E57-4DE4-9BBC-4889754EFD66}.AppStore|Any CPU.Build.0 = Debug|Any CPU
		{C9125800-5E57-4DE4-9BBC-4889754EFD66}.AppStore|ARM.ActiveCfg = Debug|Any CPU
		{C9125800-5E57-4DE4-9BBC-4889754EFD66}.AppStore|ARM.Build.0 = Debug|Any CPU
		{C9125800-5E57-4DE4-9BBC-4889754EFD66}.AppStore|iPhone.ActiveCfg = Debug|Any CPU
		{C9125800-5E57-4DE4-9BBC-4889754EFD66}.AppStore|iPhone.Build.0 = Debug|Any CPU
		{C9125800-5E57-4DE4-9BBC-4889754EFD66}.AppStore|iPhoneSimulator.ActiveCfg = Debug|Any CPU
		{C9125800-5E57-4DE4-9BBC-4889754EFD66}.AppStore|iPhoneSimulator.Build.0 = Debug|Any CPU
		{C9125800-5E57-4DE4-9BBC-4889754EFD66}.AppStore|x64.ActiveCfg = Debug|Any CPU
		{C9125800-5E57-4DE4-9BBC-4889754EFD66}.AppStore|x64.Build.0 = Debug|Any CPU
		{C9125800-5E57-4DE4-9BBC-4889754EFD66}.AppStore|x86.ActiveCfg = Debug|Any CPU
		{C9125800-5E57-4DE4-9BBC-4889754EFD66}.AppStore|x86.Build.0 = Debug|Any CPU
		{C9125800-5E57-4DE4-9BBC-4889754EFD66}.Debug|Any CPU.ActiveCfg = Debug|Any CPU
		{C9125800-5E57-4DE4-9BBC-4889754EFD66}.Debug|Any CPU.Build.0 = Debug|Any CPU
		{C9125800-5E57-4DE4-9BBC-4889754EFD66}.Debug|ARM.ActiveCfg = Debug|Any CPU
		{C9125800-5E57-4DE4-9BBC-4889754EFD66}.Debug|ARM.Build.0 = Debug|Any CPU
		{C9125800-5E57-4DE4-9BBC-4889754EFD66}.Debug|iPhone.ActiveCfg = Debug|Any CPU
		{C9125800-5E57-4DE4-9BBC-4889754EFD66}.Debug|iPhone.Build.0 = Debug|Any CPU
		{C9125800-5E57-4DE4-9BBC-4889754EFD66}.Debug|iPhoneSimulator.ActiveCfg = Debug|Any CPU
		{C9125800-5E57-4DE4-9BBC-4889754EFD66}.Debug|iPhoneSimulator.Build.0 = Debug|Any CPU
		{C9125800-5E57-4DE4-9BBC-4889754EFD66}.Debug|x64.ActiveCfg = Debug|Any CPU
		{C9125800-5E57-4DE4-9BBC-4889754EFD66}.Debug|x64.Build.0 = Debug|Any CPU
		{C9125800-5E57-4DE4-9BBC-4889754EFD66}.Debug|x86.ActiveCfg = Debug|Any CPU
		{C9125800-5E57-4DE4-9BBC-4889754EFD66}.Debug|x86.Build.0 = Debug|Any CPU
		{C9125800-5E57-4DE4-9BBC-4889754EFD66}.Release|Any CPU.ActiveCfg = Release|Any CPU
		{C9125800-5E57-4DE4-9BBC-4889754EFD66}.Release|Any CPU.Build.0 = Release|Any CPU
		{C9125800-5E57-4DE4-9BBC-4889754EFD66}.Release|ARM.ActiveCfg = Release|Any CPU
		{C9125800-5E57-4DE4-9BBC-4889754EFD66}.Release|ARM.Build.0 = Release|Any CPU
		{C9125800-5E57-4DE4-9BBC-4889754EFD66}.Release|iPhone.ActiveCfg = Release|Any CPU
		{C9125800-5E57-4DE4-9BBC-4889754EFD66}.Release|iPhone.Build.0 = Release|Any CPU
		{C9125800-5E57-4DE4-9BBC-4889754EFD66}.Release|iPhoneSimulator.ActiveCfg = Release|Any CPU
		{C9125800-5E57-4DE4-9BBC-4889754EFD66}.Release|iPhoneSimulator.Build.0 = Release|Any CPU
		{C9125800-5E57-4DE4-9BBC-4889754EFD66}.Release|x64.ActiveCfg = Release|Any CPU
		{C9125800-5E57-4DE4-9BBC-4889754EFD66}.Release|x64.Build.0 = Release|Any CPU
		{C9125800-5E57-4DE4-9BBC-4889754EFD66}.Release|x86.ActiveCfg = Release|Any CPU
		{C9125800-5E57-4DE4-9BBC-4889754EFD66}.Release|x86.Build.0 = Release|Any CPU
		{F8A978B6-BD35-49BB-B508-13B9363476D1}.Ad-Hoc|Any CPU.ActiveCfg = Debug|Any CPU
		{F8A978B6-BD35-49BB-B508-13B9363476D1}.Ad-Hoc|Any CPU.Build.0 = Debug|Any CPU
		{F8A978B6-BD35-49BB-B508-13B9363476D1}.Ad-Hoc|ARM.ActiveCfg = Debug|Any CPU
		{F8A978B6-BD35-49BB-B508-13B9363476D1}.Ad-Hoc|ARM.Build.0 = Debug|Any CPU
		{F8A978B6-BD35-49BB-B508-13B9363476D1}.Ad-Hoc|iPhone.ActiveCfg = Debug|Any CPU
		{F8A978B6-BD35-49BB-B508-13B9363476D1}.Ad-Hoc|iPhone.Build.0 = Debug|Any CPU
		{F8A978B6-BD35-49BB-B508-13B9363476D1}.Ad-Hoc|iPhoneSimulator.ActiveCfg = Debug|Any CPU
		{F8A978B6-BD35-49BB-B508-13B9363476D1}.Ad-Hoc|iPhoneSimulator.Build.0 = Debug|Any CPU
		{F8A978B6-BD35-49BB-B508-13B9363476D1}.Ad-Hoc|x64.ActiveCfg = Debug|Any CPU
		{F8A978B6-BD35-49BB-B508-13B9363476D1}.Ad-Hoc|x64.Build.0 = Debug|Any CPU
		{F8A978B6-BD35-49BB-B508-13B9363476D1}.Ad-Hoc|x86.ActiveCfg = Debug|Any CPU
		{F8A978B6-BD35-49BB-B508-13B9363476D1}.Ad-Hoc|x86.Build.0 = Debug|Any CPU
		{F8A978B6-BD35-49BB-B508-13B9363476D1}.AppStore|Any CPU.ActiveCfg = Debug|Any CPU
		{F8A978B6-BD35-49BB-B508-13B9363476D1}.AppStore|Any CPU.Build.0 = Debug|Any CPU
		{F8A978B6-BD35-49BB-B508-13B9363476D1}.AppStore|ARM.ActiveCfg = Debug|Any CPU
		{F8A978B6-BD35-49BB-B508-13B9363476D1}.AppStore|ARM.Build.0 = Debug|Any CPU
		{F8A978B6-BD35-49BB-B508-13B9363476D1}.AppStore|iPhone.ActiveCfg = Debug|Any CPU
		{F8A978B6-BD35-49BB-B508-13B9363476D1}.AppStore|iPhone.Build.0 = Debug|Any CPU
		{F8A978B6-BD35-49BB-B508-13B9363476D1}.AppStore|iPhoneSimulator.ActiveCfg = Debug|Any CPU
		{F8A978B6-BD35-49BB-B508-13B9363476D1}.AppStore|iPhoneSimulator.Build.0 = Debug|Any CPU
		{F8A978B6-BD35-49BB-B508-13B9363476D1}.AppStore|x64.ActiveCfg = Debug|Any CPU
		{F8A978B6-BD35-49BB-B508-13B9363476D1}.AppStore|x64.Build.0 = Debug|Any CPU
		{F8A978B6-BD35-49BB-B508-13B9363476D1}.AppStore|x86.ActiveCfg = Debug|Any CPU
		{F8A978B6-BD35-49BB-B508-13B9363476D1}.AppStore|x86.Build.0 = Debug|Any CPU
		{F8A978B6-BD35-49BB-B508-13B9363476D1}.Debug|Any CPU.ActiveCfg = Debug|Any CPU
		{F8A978B6-BD35-49BB-B508-13B9363476D1}.Debug|Any CPU.Build.0 = Debug|Any CPU
		{F8A978B6-BD35-49BB-B508-13B9363476D1}.Debug|ARM.ActiveCfg = Debug|Any CPU
		{F8A978B6-BD35-49BB-B508-13B9363476D1}.Debug|ARM.Build.0 = Debug|Any CPU
		{F8A978B6-BD35-49BB-B508-13B9363476D1}.Debug|iPhone.ActiveCfg = Debug|Any CPU
		{F8A978B6-BD35-49BB-B508-13B9363476D1}.Debug|iPhone.Build.0 = Debug|Any CPU
		{F8A978B6-BD35-49BB-B508-13B9363476D1}.Debug|iPhoneSimulator.ActiveCfg = Debug|Any CPU
		{F8A978B6-BD35-49BB-B508-13B9363476D1}.Debug|iPhoneSimulator.Build.0 = Debug|Any CPU
		{F8A978B6-BD35-49BB-B508-13B9363476D1}.Debug|x64.ActiveCfg = Debug|Any CPU
		{F8A978B6-BD35-49BB-B508-13B9363476D1}.Debug|x64.Build.0 = Debug|Any CPU
		{F8A978B6-BD35-49BB-B508-13B9363476D1}.Debug|x86.ActiveCfg = Debug|Any CPU
		{F8A978B6-BD35-49BB-B508-13B9363476D1}.Debug|x86.Build.0 = Debug|Any CPU
		{F8A978B6-BD35-49BB-B508-13B9363476D1}.Release|Any CPU.ActiveCfg = Release|Any CPU
		{F8A978B6-BD35-49BB-B508-13B9363476D1}.Release|Any CPU.Build.0 = Release|Any CPU
		{F8A978B6-BD35-49BB-B508-13B9363476D1}.Release|ARM.ActiveCfg = Release|Any CPU
		{F8A978B6-BD35-49BB-B508-13B9363476D1}.Release|ARM.Build.0 = Release|Any CPU
		{F8A978B6-BD35-49BB-B508-13B9363476D1}.Release|iPhone.ActiveCfg = Release|Any CPU
		{F8A978B6-BD35-49BB-B508-13B9363476D1}.Release|iPhone.Build.0 = Release|Any CPU
		{F8A978B6-BD35-49BB-B508-13B9363476D1}.Release|iPhoneSimulator.ActiveCfg = Release|Any CPU
		{F8A978B6-BD35-49BB-B508-13B9363476D1}.Release|iPhoneSimulator.Build.0 = Release|Any CPU
		{F8A978B6-BD35-49BB-B508-13B9363476D1}.Release|x64.ActiveCfg = Release|Any CPU
		{F8A978B6-BD35-49BB-B508-13B9363476D1}.Release|x64.Build.0 = Release|Any CPU
		{F8A978B6-BD35-49BB-B508-13B9363476D1}.Release|x86.ActiveCfg = Release|Any CPU
		{F8A978B6-BD35-49BB-B508-13B9363476D1}.Release|x86.Build.0 = Release|Any CPU
		{76E900EA-7321-42DD-95CA-ED9B4E9F97CA}.Ad-Hoc|Any CPU.ActiveCfg = Release|Any CPU
		{76E900EA-7321-42DD-95CA-ED9B4E9F97CA}.Ad-Hoc|Any CPU.Build.0 = Release|Any CPU
		{76E900EA-7321-42DD-95CA-ED9B4E9F97CA}.Ad-Hoc|ARM.ActiveCfg = Release|Any CPU
		{76E900EA-7321-42DD-95CA-ED9B4E9F97CA}.Ad-Hoc|ARM.Build.0 = Release|Any CPU
		{76E900EA-7321-42DD-95CA-ED9B4E9F97CA}.Ad-Hoc|iPhone.ActiveCfg = Release|Any CPU
		{76E900EA-7321-42DD-95CA-ED9B4E9F97CA}.Ad-Hoc|iPhone.Build.0 = Release|Any CPU
		{76E900EA-7321-42DD-95CA-ED9B4E9F97CA}.Ad-Hoc|iPhoneSimulator.ActiveCfg = Release|Any CPU
		{76E900EA-7321-42DD-95CA-ED9B4E9F97CA}.Ad-Hoc|iPhoneSimulator.Build.0 = Release|Any CPU
		{76E900EA-7321-42DD-95CA-ED9B4E9F97CA}.Ad-Hoc|x64.ActiveCfg = Release|Any CPU
		{76E900EA-7321-42DD-95CA-ED9B4E9F97CA}.Ad-Hoc|x64.Build.0 = Release|Any CPU
		{76E900EA-7321-42DD-95CA-ED9B4E9F97CA}.Ad-Hoc|x86.ActiveCfg = Release|Any CPU
		{76E900EA-7321-42DD-95CA-ED9B4E9F97CA}.Ad-Hoc|x86.Build.0 = Release|Any CPU
		{76E900EA-7321-42DD-95CA-ED9B4E9F97CA}.AppStore|Any CPU.ActiveCfg = Release|Any CPU
		{76E900EA-7321-42DD-95CA-ED9B4E9F97CA}.AppStore|Any CPU.Build.0 = Release|Any CPU
		{76E900EA-7321-42DD-95CA-ED9B4E9F97CA}.AppStore|ARM.ActiveCfg = Release|Any CPU
		{76E900EA-7321-42DD-95CA-ED9B4E9F97CA}.AppStore|ARM.Build.0 = Release|Any CPU
		{76E900EA-7321-42DD-95CA-ED9B4E9F97CA}.AppStore|iPhone.ActiveCfg = Release|Any CPU
		{76E900EA-7321-42DD-95CA-ED9B4E9F97CA}.AppStore|iPhone.Build.0 = Release|Any CPU
		{76E900EA-7321-42DD-95CA-ED9B4E9F97CA}.AppStore|iPhoneSimulator.ActiveCfg = Release|Any CPU
		{76E900EA-7321-42DD-95CA-ED9B4E9F97CA}.AppStore|iPhoneSimulator.Build.0 = Release|Any CPU
		{76E900EA-7321-42DD-95CA-ED9B4E9F97CA}.AppStore|x64.ActiveCfg = Release|Any CPU
		{76E900EA-7321-42DD-95CA-ED9B4E9F97CA}.AppStore|x64.Build.0 = Release|Any CPU
		{76E900EA-7321-42DD-95CA-ED9B4E9F97CA}.AppStore|x86.ActiveCfg = Release|Any CPU
		{76E900EA-7321-42DD-95CA-ED9B4E9F97CA}.AppStore|x86.Build.0 = Release|Any CPU
		{76E900EA-7321-42DD-95CA-ED9B4E9F97CA}.Debug|Any CPU.ActiveCfg = Debug|Any CPU
		{76E900EA-7321-42DD-95CA-ED9B4E9F97CA}.Debug|Any CPU.Build.0 = Debug|Any CPU
		{76E900EA-7321-42DD-95CA-ED9B4E9F97CA}.Debug|ARM.ActiveCfg = Debug|Any CPU
		{76E900EA-7321-42DD-95CA-ED9B4E9F97CA}.Debug|ARM.Build.0 = Debug|Any CPU
		{76E900EA-7321-42DD-95CA-ED9B4E9F97CA}.Debug|iPhone.ActiveCfg = Debug|Any CPU
		{76E900EA-7321-42DD-95CA-ED9B4E9F97CA}.Debug|iPhone.Build.0 = Debug|Any CPU
		{76E900EA-7321-42DD-95CA-ED9B4E9F97CA}.Debug|iPhoneSimulator.ActiveCfg = Debug|Any CPU
		{76E900EA-7321-42DD-95CA-ED9B4E9F97CA}.Debug|iPhoneSimulator.Build.0 = Debug|Any CPU
		{76E900EA-7321-42DD-95CA-ED9B4E9F97CA}.Debug|x64.ActiveCfg = Debug|Any CPU
		{76E900EA-7321-42DD-95CA-ED9B4E9F97CA}.Debug|x64.Build.0 = Debug|Any CPU
		{76E900EA-7321-42DD-95CA-ED9B4E9F97CA}.Debug|x86.ActiveCfg = Debug|Any CPU
		{76E900EA-7321-42DD-95CA-ED9B4E9F97CA}.Debug|x86.Build.0 = Debug|Any CPU
		{76E900EA-7321-42DD-95CA-ED9B4E9F97CA}.Release|Any CPU.ActiveCfg = Release|Any CPU
		{76E900EA-7321-42DD-95CA-ED9B4E9F97CA}.Release|Any CPU.Build.0 = Release|Any CPU
		{76E900EA-7321-42DD-95CA-ED9B4E9F97CA}.Release|ARM.ActiveCfg = Release|Any CPU
		{76E900EA-7321-42DD-95CA-ED9B4E9F97CA}.Release|ARM.Build.0 = Release|Any CPU
		{76E900EA-7321-42DD-95CA-ED9B4E9F97CA}.Release|iPhone.ActiveCfg = Release|Any CPU
		{76E900EA-7321-42DD-95CA-ED9B4E9F97CA}.Release|iPhone.Build.0 = Release|Any CPU
		{76E900EA-7321-42DD-95CA-ED9B4E9F97CA}.Release|iPhoneSimulator.ActiveCfg = Release|Any CPU
		{76E900EA-7321-42DD-95CA-ED9B4E9F97CA}.Release|iPhoneSimulator.Build.0 = Release|Any CPU
		{76E900EA-7321-42DD-95CA-ED9B4E9F97CA}.Release|x64.ActiveCfg = Release|Any CPU
		{76E900EA-7321-42DD-95CA-ED9B4E9F97CA}.Release|x64.Build.0 = Release|Any CPU
		{76E900EA-7321-42DD-95CA-ED9B4E9F97CA}.Release|x86.ActiveCfg = Release|Any CPU
		{76E900EA-7321-42DD-95CA-ED9B4E9F97CA}.Release|x86.Build.0 = Release|Any CPU
	EndGlobalSection
	GlobalSection(SolutionProperties) = preSolution
		HideSolutionNode = FALSE
	EndGlobalSection
	GlobalSection(NestedProjects) = preSolution
		{AD4FE3C3-7993-4B9D-BDA2-307394D4C983} = {93C73824-A616-4B47-8EF8-B40478AD03A6}
		{966AF407-63BF-406D-9216-75D3E2686488} = {46C3A777-3D89-499E-AF12-DE6AAF785B08}
		{C94A81F6-1AA3-4223-979A-EF8016B6C32F} = {46C3A777-3D89-499E-AF12-DE6AAF785B08}
		{80F306A6-4BB7-4562-94BE-7666F8A2B1D9} = {46C3A777-3D89-499E-AF12-DE6AAF785B08}
		{D65F5142-04D7-4A4B-AB55-486186B6F1AE} = {BF6BA189-4FF8-4118-8CAF-18F5C7D403CE}
		{C9125800-5E57-4DE4-9BBC-4889754EFD66} = {55414CDA-F7DD-4F3B-9B14-F653470988CD}
		{F8A978B6-BD35-49BB-B508-13B9363476D1} = {1F6FE41F-8A62-4ED6-8422-BDB22016BC10}
		{76E900EA-7321-42DD-95CA-ED9B4E9F97CA} = {E7F39985-06EB-42CD-B279-491A94E66E71}
	EndGlobalSection
	GlobalSection(ExtensibilityGlobals) = postSolution
		SolutionGuid = {B0E2ED16-10D8-4CA6-918E-4C74414C9A60}
	EndGlobalSection
EndGlobal
